
Microsoft Visual Studio Solution File, Format Version 12.00
# Visual Studio Version 16
VisualStudioVersion = 16.0.33927.289
MinimumVisualStudioVersion = 10.0.40219.1
Project("{FAE04EC0-301F-11D3-BF4B-00C04F79EFBC}") = "WindowsFormsApp1", "WindowsFormsApp1\WindowsFormsApp1.csproj", "{CF6871FB-D358-432E-A7A3-40C44772728F}"
EndProject
Global
	GlobalSection(SolutionConfigurationPlatforms) = preSolution
		Debug|Any CPU = Debug|Any CPU
		Release|Any CPU = Release|Any CPU
	EndGlobalSection
	GlobalSection(ProjectConfigurationPlatforms) = postSolution
		{CF6871FB-D358-432E-A7A3-40C44772728F}.Debug|Any CPU.ActiveCfg = Debug|Any CPU
		{CF6871FB-D358-432E-A7A3-40C44772728F}.Debug|Any CPU.Build.0 = Debug|Any CPU
		{CF6871FB-D358-432E-A7A3-40C44772728F}.Release|Any CPU.ActiveCfg = Release|Any CPU
		{CF6871FB-D358-432E-A7A3-40C44772728F}.Release|Any CPU.Build.0 = Release|Any CPU
	EndGlobalSection
	GlobalSection(SolutionProperties) = preSolution
		HideSolutionNode = FALSE
	EndGlobalSection
	GlobalSection(ExtensibilityGlobals) = postSolution
		SolutionGuid = {0A803071-93D0-4F38-8E3A-290BC5C11013}
	EndGlobalSection
EndGlobal
